<?xml version="1.0" encoding="UTF-8"?>
<!DOCTYPE plist PUBLIC "-//Apple//DTD PLIST 1.0//EN" "http://www.apple.com/DTDs/PropertyList-1.0.dtd">
<plist version="1.0">
<dict>
	<key>hostname</key>
	<string>MacBook-Pro-de-emilia.local</string>
	<key>hostuuid</key>
	<string>B9B770BB-6F2C-5B10-A969-C824DE59A939</string>
	<key>pid</key>
	<integer>19066</integer>
	<key>processname</key>
	<string>photolibraryd</string>
	<key>uid</key>
	<integer>501</integer>
</dict>
</plist>
